
Microsoft Visual Studio Solution File, Format Version 12.00
Project("{FAE04EC0-301F-11D3-BF4B-00C04F79EFBC}") = "Talista.Conveyor", "Talista.Conveyor\Talista.Conveyor.csproj", "{759A1898-53D7-4FB9-94E6-E98CFE9084E5}"
EndProject
Project("{FAE04EC0-301F-11D3-BF4B-00C04F79EFBC}") = "Talista.ConveyorTests", "Talista.ConveyorTests\Talista.ConveyorTests.csproj", "{E351B60C-9D45-45EF-BB2E-498BA1F45F04}"
EndProject
Global
	GlobalSection(SolutionConfigurationPlatforms) = preSolution
		Debug|Any CPU = Debug|Any CPU
		Release|Any CPU = Release|Any CPU
	EndGlobalSection
	GlobalSection(ProjectConfigurationPlatforms) = postSolution
		{759A1898-53D7-4FB9-94E6-E98CFE9084E5}.Debug|Any CPU.ActiveCfg = Debug|Any CPU
		{759A1898-53D7-4FB9-94E6-E98CFE9084E5}.Debug|Any CPU.Build.0 = Debug|Any CPU
		{759A1898-53D7-4FB9-94E6-E98CFE9084E5}.Release|Any CPU.ActiveCfg = Release|Any CPU
		{759A1898-53D7-4FB9-94E6-E98CFE9084E5}.Release|Any CPU.Build.0 = Release|Any CPU
		{E351B60C-9D45-45EF-BB2E-498BA1F45F04}.Debug|Any CPU.ActiveCfg = Debug|Any CPU
		{E351B60C-9D45-45EF-BB2E-498BA1F45F04}.Debug|Any CPU.Build.0 = Debug|Any CPU
		{E351B60C-9D45-45EF-BB2E-498BA1F45F04}.Release|Any CPU.ActiveCfg = Release|Any CPU
		{E351B60C-9D45-45EF-BB2E-498BA1F45F04}.Release|Any CPU.Build.0 = Release|Any CPU
	EndGlobalSection
EndGlobal
